// !$*UTF8*$!
{
	archiveVersion = 1;
	classes = {
	};
	objectVersion = 46;
	objects = {

/* Begin PBXBuildFile section */
		07F6DA0924554FE32776A92A /* Foundation.framework in Frameworks */ = {isa = PBXBuildFile; fileRef = 5857A935060FED6C2008439D /* Foundation.framework */; };
		088C63091B7B971D7775A610 /* CaptureController.swift in Sources */ = {isa = PBXBuildFile; fileRef = 5D9CE7CB75C15BFC44B7228F /* CaptureController.swift */; };
		4BA8B04DBD011FAB1B422077 /* StudyCaptureApp.swift in Sources */ = {isa = PBXBuildFile; fileRef = E434B1AA0156E97328B55BE4 /* StudyCaptureApp.swift */; };
		4F95F2E6C0B9E07D5AA74578 /* ContentView.swift in Sources */ = {isa = PBXBuildFile; fileRef = AD99DF397B2D4A595BB6415A /* ContentView.swift */; };
/* End PBXBuildFile section */

/* Begin PBXFileReference section */
		218F6A51CD12C6160C15D5CB /* StudyCapture.app */ = {isa = PBXFileReference; explicitFileType = wrapper.application; includeInIndex = 0; path = StudyCapture.app; sourceTree = BUILT_PRODUCTS_DIR; };
		5857A935060FED6C2008439D /* Foundation.framework */ = {isa = PBXFileReference; lastKnownFileType = wrapper.framework; name = Foundation.framework; path = Platforms/iPhoneOS.platform/Developer/SDKs/iPhoneOS26.0.sdk/System/Library/Frameworks/Foundation.framework; sourceTree = DEVELOPER_DIR; };
		5D9CE7CB75C15BFC44B7228F /* CaptureController.swift */ = {isa = PBXFileReference; includeInIndex = 1; lastKnownFileType = sourcecode.swift; path = CaptureController.swift; sourceTree = "<group>"; };
		AD99DF397B2D4A595BB6415A /* ContentView.swift */ = {isa = PBXFileReference; includeInIndex = 1; lastKnownFileType = sourcecode.swift; path = ContentView.swift; sourceTree = "<group>"; };
		B3D7B0AA967A7AC04091DDE9 /* Info.plist */ = {isa = PBXFileReference; includeInIndex = 1; lastKnownFileType = text.plist.xml; path = Info.plist; sourceTree = "<group>"; };
		E434B1AA0156E97328B55BE4 /* StudyCaptureApp.swift */ = {isa = PBXFileReference; includeInIndex = 1; lastKnownFileType = sourcecode.swift; path = StudyCaptureApp.swift; sourceTree = "<group>"; };
/* End PBXFileReference section */

/* Begin PBXFrameworksBuildPhase section */
		B4B01FA6AA25B1521B2853E4 /* Frameworks */ = {
			isa = PBXFrameworksBuildPhase;
			buildActionMask = 2147483647;
			files = (
				07F6DA0924554FE32776A92A /* Foundation.framework in Frameworks */,
			);
			runOnlyForDeploymentPostprocessing = 0;
		};
/* End PBXFrameworksBuildPhase section */

/* Begin PBXGroup section */
		01A83C721F50E83055C8C04F /* StudyCapture */ = {
			isa = PBXGroup;
			children = (
				E434B1AA0156E97328B55BE4 /* StudyCaptureApp.swift */,
				AD99DF397B2D4A595BB6415A /* ContentView.swift */,
				5D9CE7CB75C15BFC44B7228F /* CaptureController.swift */,
				B3D7B0AA967A7AC04091DDE9 /* Info.plist */,
			);
			name = StudyCapture;
			path = StudyCapture;
			sourceTree = "<group>";
		};
		8EC0B90813527B58D41A4A3A /* iOS */ = {
			isa = PBXGroup;
			children = (
				5857A935060FED6C2008439D /* Foundation.framework */,
			);
			name = iOS;
			sourceTree = "<group>";
		};
		97E09BA6482D43F7B0FB6534 = {
			isa = PBXGroup;
			children = (
				BA05161703071B24FBABA0BD /* Products */,
				A67E0D80EE8A74552A2BB082 /* Frameworks */,
				01A83C721F50E83055C8C04F /* StudyCapture */,
			);
			sourceTree = "<group>";
		};
		A67E0D80EE8A74552A2BB082 /* Frameworks */ = {
			isa = PBXGroup;
			children = (
				8EC0B90813527B58D41A4A3A /* iOS */,
			);
			name = Frameworks;
			sourceTree = "<group>";
		};
		BA05161703071B24FBABA0BD /* Products */ = {
			isa = PBXGroup;
			children = (
				218F6A51CD12C6160C15D5CB /* StudyCapture.app */,
			);
			name = Products;
			sourceTree = "<group>";
		};
/* End PBXGroup section */

/* Begin PBXNativeTarget section */
		9F709B01F864AD4E9836E40B /* StudyCapture */ = {
			isa = PBXNativeTarget;
			buildConfigurationList = 930BB00B89832E52AEA188B4 /* Build configuration list for PBXNativeTarget "StudyCapture" */;
			buildPhases = (
				784E6588820BD66694414947 /* Sources */,
				B4B01FA6AA25B1521B2853E4 /* Frameworks */,
				DE9A3509ECABA92F63614A61 /* Resources */,
			);
			buildRules = (
			);
			dependencies = (
			);
			name = StudyCapture;
			productName = StudyCapture;
			productReference = 218F6A51CD12C6160C15D5CB /* StudyCapture.app */;
			productType = "com.apple.product-type.application";
		};
/* End PBXNativeTarget section */

/* Begin PBXProject section */
		F3EBA2117006CF490CA30E33 /* Project object */ = {
			isa = PBXProject;
			attributes = {
				LastSwiftUpdateCheck = 2700;
				LastUpgradeCheck = 2700;
			};
			buildConfigurationList = 7839209D9BEB69CAED2D24CA /* Build configuration list for PBXProject "StudyCapture" */;
			compatibilityVersion = "Xcode 3.2";
			developmentRegion = en;
			hasScannedForEncodings = 0;
			knownRegions = (
				en,
				Base,
			);
			mainGroup = 97E09BA6482D43F7B0FB6534;
			minimizedProjectReferenceProxies = 0;
			preferredProjectObjectVersion = 100;
			productRefGroup = BA05161703071B24FBABA0BD /* Products */;
			projectDirPath = "";
			projectRoot = "";
			targets = (
				9F709B01F864AD4E9836E40B /* StudyCapture */,
			);
		};
/* End PBXProject section */

/* Begin PBXResourcesBuildPhase section */
		DE9A3509ECABA92F63614A61 /* Resources */ = {
			isa = PBXResourcesBuildPhase;
			buildActionMask = 2147483647;
			files = (
			);
			runOnlyForDeploymentPostprocessing = 0;
		};
/* End PBXResourcesBuildPhase section */

/* Begin PBXSourcesBuildPhase section */
		784E6588820BD66694414947 /* Sources */ = {
			isa = PBXSourcesBuildPhase;
			buildActionMask = 2147483647;
			files = (
				4BA8B04DBD011FAB1B422077 /* StudyCaptureApp.swift in Sources */,
				4F95F2E6C0B9E07D5AA74578 /* ContentView.swift in Sources */,
				088C63091B7B971D7775A610 /* CaptureController.swift in Sources */,
			);
			runOnlyForDeploymentPostprocessing = 0;
		};
/* End PBXSourcesBuildPhase section */

/* Begin XCBuildConfiguration section */
		053E8BFF423152BA1B572C60 /* Release */ = {
			isa = XCBuildConfiguration;
			buildSettings = {
				ASSETCATALOG_COMPILER_APPICON_NAME = "";
				ASSETCATALOG_COMPILER_GLOBAL_ACCENT_COLOR_NAME = AccentColor;
				CLANG_ENABLE_OBJC_WEAK = NO;
				CODE_SIGN_STYLE = Automatic;
				ENABLE_PREVIEWS = YES;
				GENERATE_INFOPLIST_FILE = NO;
				INFOPLIST_FILE = StudyCapture/Info.plist;
				IPHONEOS_DEPLOYMENT_TARGET = 27.0;
				LD_RUNPATH_SEARCH_PATHS = "$(inherited) @executable_path/Frameworks";
				PRODUCT_BUNDLE_IDENTIFIER = com.studycompanion.capture;
				PRODUCT_NAME = "Study Capture";
				SDKROOT = iphoneos;
				SWIFT_VERSION = 6.0;
				TARGETED_DEVICE_FAMILY = "1,2";
				VALIDATE_PRODUCT = YES;
			};
			name = Release;
		};
		05AF29673FDFD7926C2D0C86 /* Debug */ = {
			isa = XCBuildConfiguration;
			buildSettings = {
				ASSETCATALOG_COMPILER_APPICON_NAME = "";
				ASSETCATALOG_COMPILER_GLOBAL_ACCENT_COLOR_NAME = AccentColor;
				CLANG_ENABLE_OBJC_WEAK = NO;
				CODE_SIGN_STYLE = Automatic;
				ENABLE_PREVIEWS = YES;
				GENERATE_INFOPLIST_FILE = NO;
				INFOPLIST_FILE = StudyCapture/Info.plist;
				IPHONEOS_DEPLOYMENT_TARGET = 27.0;
				LD_RUNPATH_SEARCH_PATHS = "$(inherited) @executable_path/Frameworks";
				PRODUCT_BUNDLE_IDENTIFIER = com.studycompanion.capture;
				PRODUCT_NAME = "Study Capture";
				SDKROOT = iphoneos;
				SWIFT_VERSION = 6.0;
				TARGETED_DEVICE_FAMILY = "1,2";
			};
			name = Debug;
		};
		5D7FEEA113F8898ACD4306B7 /* Release */ = {
			isa = XCBuildConfiguration;
			buildSettings = {
				ALWAYS_SEARCH_USER_PATHS = NO;
				CLANG_ANALYZER_NONNULL = YES;
				CLANG_ANALYZER_NUMBER_OBJECT_CONVERSION = YES_AGGRESSIVE;
				CLANG_CXX_LANGUAGE_STANDARD = "gnu++14";
				CLANG_CXX_LIBRARY = "libc++";
				CLANG_ENABLE_MODULES = YES;
				CLANG_ENABLE_OBJC_ARC = YES;
				CLANG_ENABLE_OBJC_WEAK = YES;
				CLANG_WARN_BLOCK_CAPTURE_AUTORELEASING = YES;
				CLANG_WARN_BOOL_CONVERSION = YES;
				CLANG_WARN_COMMA = YES;
				CLANG_WARN_CONSTANT_CONVERSION = YES;
				CLANG_WARN_DEPRECATED_OBJC_IMPLEMENTATIONS = YES;
				CLANG_WARN_DIRECT_OBJC_ISA_USAGE = YES_ERROR;
				CLANG_WARN_DOCUMENTATION_COMMENTS = YES;
				CLANG_WARN_EMPTY_BODY = YES;
				CLANG_WARN_ENUM_CONVERSION = YES;
				CLANG_WARN_INFINITE_RECURSION = YES;
				CLANG_WARN_INT_CONVERSION = YES;
				CLANG_WARN_NON_LITERAL_NULL_CONVERSION = YES;
				CLANG_WARN_OBJC_IMPLICIT_RETAIN_SELF = YES;
				CLANG_WARN_OBJC_LITERAL_CONVERSION = YES;
				CLANG_WARN_OBJC_ROOT_CLASS = YES_ERROR;
				CLANG_WARN_QUOTED_INCLUDE_IN_FRAMEWORK_HEADER = YES;
				CLANG_WARN_RANGE_LOOP_ANALYSIS = YES;
				CLANG_WARN_STRICT_PROTOTYPES = YES;
				CLANG_WARN_SUSPICIOUS_MOVE = YES;
				CLANG_WARN_UNGUARDED_AVAILABILITY = YES_AGGRESSIVE;
				CLANG_WARN_UNREACHABLE_CODE = YES;
				CLANG_WARN__DUPLICATE_METHOD_MATCH = YES;
				COPY_PHASE_STRIP = NO;
				DEBUG_INFORMATION_FORMAT = "dwarf-with-dsym";
				ENABLE_NS_ASSERTIONS = NO;
				ENABLE_STRICT_OBJC_MSGSEND = YES;
				GCC_C_LANGUAGE_STANDARD = gnu11;
				GCC_NO_COMMON_BLOCKS = YES;
				GCC_WARN_64_TO_32_BIT_CONVERSION = YES;
				GCC_WARN_ABOUT_RETURN_TYPE = YES_ERROR;
				GCC_WARN_UNDECLARED_SELECTOR = YES;
				GCC_WARN_UNINITIALIZED_AUTOS = YES_AGGRESSIVE;
				GCC_WARN_UNUSED_FUNCTION = YES;
				GCC_WARN_UNUSED_VARIABLE = YES;
				MTL_ENABLE_DEBUG_INFO = NO;
				MTL_FAST_MATH = YES;
				PRODUCT_NAME = "$(TARGET_NAME)";
				SWIFT_COMPILATION_MODE = wholemodule;
				SWIFT_OPTIMIZATION_LEVEL = "-O";
				SWIFT_VERSION = 5.0;
			};
			name = Release;
		};
		D208366A8D0F0180014C5571 /* Debug */ = {
			isa = XCBuildConfiguration;
			buildSettings = {
				ALWAYS_SEARCH_USER_PATHS = NO;
				CLANG_ANALYZER_NONNULL = YES;
				CLANG_ANALYZER_NUMBER_OBJECT_CONVERSION = YES_AGGRESSIVE;
				CLANG_CXX_LANGUAGE_STANDARD = "gnu++14";
				CLANG_CXX_LIBRARY = "libc++";
				CLANG_ENABLE_MODULES = YES;
				CLANG_ENABLE_OBJC_ARC = YES;
				CLANG_ENABLE_OBJC_WEAK = YES;
				CLANG_WARN_BLOCK_CAPTURE_AUTORELEASING = YES;
				CLANG_WARN_BOOL_CONVERSION = YES;
				CLANG_WARN_COMMA = YES;
				CLANG_WARN_CONSTANT_CONVERSION = YES;
				CLANG_WARN_DEPRECATED_OBJC_IMPLEMENTATIONS = YES;
				CLANG_WARN_DIRECT_OBJC_ISA_USAGE = YES_ERROR;
				CLANG_WARN_DOCUMENTATION_COMMENTS = YES;
				CLANG_WARN_EMPTY_BODY = YES;
				CLANG_WARN_ENUM_CONVERSION = YES;
				CLANG_WARN_INFINITE_RECURSION = YES;
				CLANG_WARN_INT_CONVERSION = YES;
				CLANG_WARN_NON_LITERAL_NULL_CONVERSION = YES;
				CLANG_WARN_OBJC_IMPLICIT_RETAIN_SELF = YES;
				CLANG_WARN_OBJC_LITERAL_CONVERSION = YES;
				CLANG_WARN_OBJC_ROOT_CLASS = YES_ERROR;
				CLANG_WARN_QUOTED_INCLUDE_IN_FRAMEWORK_HEADER = YES;
				CLANG_WARN_RANGE_LOOP_ANALYSIS = YES;
				CLANG_WARN_STRICT_PROTOTYPES = YES;
				CLANG_WARN_SUSPICIOUS_MOVE = YES;
				CLANG_WARN_UNGUARDED_AVAILABILITY = YES_AGGRESSIVE;
				CLANG_WARN_UNREACHABLE_CODE = YES;
				CLANG_WARN__DUPLICATE_METHOD_MATCH = YES;
				COPY_PHASE_STRIP = NO;
				DEBUG_INFORMATION_FORMAT = dwarf;
				ENABLE_STRICT_OBJC_MSGSEND = YES;
				ENABLE_TESTABILITY = YES;
				GCC_C_LANGUAGE_STANDARD = gnu11;
				GCC_DYNAMIC_NO_PIC = NO;
				GCC_NO_COMMON_BLOCKS = YES;
				GCC_OPTIMIZATION_LEVEL = 0;
				GCC_PREPROCESSOR_DEFINITIONS = (
					"DEBUG=1",
					"$(inherited)",
				);
				GCC_WARN_64_TO_32_BIT_CONVERSION = YES;
				GCC_WARN_ABOUT_RETURN_TYPE = YES_ERROR;
				GCC_WARN_UNDECLARED_SELECTOR = YES;
				GCC_WARN_UNINITIALIZED_AUTOS = YES_AGGRESSIVE;
				GCC_WARN_UNUSED_FUNCTION = YES;
				GCC_WARN_UNUSED_VARIABLE = YES;
				MTL_ENABLE_DEBUG_INFO = INCLUDE_SOURCE;
				MTL_FAST_MATH = YES;
				ONLY_ACTIVE_ARCH = YES;
				PRODUCT_NAME = "$(TARGET_NAME)";
				SWIFT_ACTIVE_COMPILATION_CONDITIONS = DEBUG;
				SWIFT_OPTIMIZATION_LEVEL = "-Onone";
				SWIFT_VERSION = 5.0;
			};
			name = Debug;
		};
/* End XCBuildConfiguration section */

/* Begin XCConfigurationList section */
		7839209D9BEB69CAED2D24CA /* Build configuration list for PBXProject "StudyCapture" */ = {
			isa = XCConfigurationList;
			buildConfigurations = (
				D208366A8D0F0180014C5571 /* Debug */,
				5D7FEEA113F8898ACD4306B7 /* Release */,
			);
			defaultConfigurationIsVisible = 0;
			defaultConfigurationName = Release;
		};
		930BB00B89832E52AEA188B4 /* Build configuration list for PBXNativeTarget "StudyCapture" */ = {
			isa = XCConfigurationList;
			buildConfigurations = (
				053E8BFF423152BA1B572C60 /* Release */,
				05AF29673FDFD7926C2D0C86 /* Debug */,
			);
			defaultConfigurationIsVisible = 0;
			defaultConfigurationName = Release;
		};
/* End XCConfigurationList section */
	};
	rootObject = F3EBA2117006CF490CA30E33 /* Project object */;
}
